# THIS IS AN AUTOGENERATED FILE. DO NOT EDIT THIS FILE DIRECTLY.
# yarn lockfile v1


bootstrap-icons@^1.2.1:
  version "1.2.1"
  resolved "https://registry.yarnpkg.com/bootstrap-icons/-/bootstrap-icons-1.2.1.tgz#20eac9ec348744edc8b9e184a0f7057d1430f609"
  integrity sha512-c63G57gFN9Yz1Dmi1RRpBd+cm/Lil31nRsnYxX8VeC/2wTk1Z54OU4twyLAVpgj2lX2lyHx0M8+xhEdkr79RAg==

bootstrap@^5.0.0-beta1:
  version "5.0.0-beta1"
  resolved "https://registry.yarnpkg.com/bootstrap/-/bootstrap-5.0.0-beta1.tgz#18135001a452b3ec38b344ac638a1f9549285ee7"
  integrity sha512-UrHApw/WRmT7l2rlDdn5iXr7Jps/LlMZtJlLn9G41aGDfss48hyDeYyHtX1C6NHKVcmdUarGG+ve0LZB5iHyTQ==

moment@^2.29.1:
  version "2.29.1"
  resolved "https://registry.yarnpkg.com/moment/-/moment-2.29.1.tgz#b2be769fa31940be9eeea6469c075e35006fa3d3"
  integrity sha512-kHmoybcPV8Sqy59DwNDY3Jefr64lK/by/da0ViFcuA4DH0vQg5Q6Ze5VimxkfQNSC+Mls/Kx53s7TjP1RhFEDQ==
